
Microsoft Visual Studio Solution File, Format Version 12.00
# Visual Studio 14
VisualStudioVersion = 14.0.25420.1
MinimumVisualStudioVersion = 10.0.40219.1
Project("{FAE04EC0-301F-11D3-BF4B-00C04F79EFBC}") = "Web_API_AD_T4", "Web_API_AD_T4\Web_API_AD_T4.csproj", "{CF0D4D36-32BD-4A8A-8552-A4747E339538}"
EndProject
Project("{FAE04EC0-301F-11D3-BF4B-00C04F79EFBC}") = "DI.Core", "DI.Core\DI.Core.csproj", "{E421C512-A88B-4691-B07B-891AC834AE6B}"
EndProject
Project("{FAE04EC0-301F-11D3-BF4B-00C04F79EFBC}") = "DI.Data", "DI.Data\DI.Data.csproj", "{2DAF133F-20A9-4653-A5F2-896FA90966DA}"
EndProject
Global
	GlobalSection(SolutionConfigurationPlatforms) = preSolution
		Debug|Any CPU = Debug|Any CPU
		Release|Any CPU = Release|Any CPU
	EndGlobalSection
	GlobalSection(ProjectConfigurationPlatforms) = postSolution
		{CF0D4D36-32BD-4A8A-8552-A4747E339538}.Debug|Any CPU.ActiveCfg = Debug|Any CPU
		{CF0D4D36-32BD-4A8A-8552-A4747E339538}.Debug|Any CPU.Build.0 = Debug|Any CPU
		{CF0D4D36-32BD-4A8A-8552-A4747E339538}.Release|Any CPU.ActiveCfg = Release|Any CPU
		{CF0D4D36-32BD-4A8A-8552-A4747E339538}.Release|Any CPU.Build.0 = Release|Any CPU
		{E421C512-A88B-4691-B07B-891AC834AE6B}.Debug|Any CPU.ActiveCfg = Debug|Any CPU
		{E421C512-A88B-4691-B07B-891AC834AE6B}.Debug|Any CPU.Build.0 = Debug|Any CPU
		{E421C512-A88B-4691-B07B-891AC834AE6B}.Release|Any CPU.ActiveCfg = Release|Any CPU
		{E421C512-A88B-4691-B07B-891AC834AE6B}.Release|Any CPU.Build.0 = Release|Any CPU
		{2DAF133F-20A9-4653-A5F2-896FA90966DA}.Debug|Any CPU.ActiveCfg = Debug|Any CPU
		{2DAF133F-20A9-4653-A5F2-896FA90966DA}.Debug|Any CPU.Build.0 = Debug|Any CPU
		{2DAF133F-20A9-4653-A5F2-896FA90966DA}.Release|Any CPU.ActiveCfg = Release|Any CPU
		{2DAF133F-20A9-4653-A5F2-896FA90966DA}.Release|Any CPU.Build.0 = Release|Any CPU
	EndGlobalSection
	GlobalSection(SolutionProperties) = preSolution
		HideSolutionNode = FALSE
	EndGlobalSection
EndGlobal
